
Microsoft Visual Studio Solution File, Format Version 12.00
# Visual Studio 15
VisualStudioVersion = 15.0.28307.489
MinimumVisualStudioVersion = 10.0.40219.1
Project("{FAE04EC0-301F-11D3-BF4B-00C04F79EFBC}") = "zadanie4", "zadanie4\zadanie4.csproj", "{633DF633-2F85-4A76-AF50-053F79D6B270}"
EndProject
Global
	GlobalSection(SolutionConfigurationPlatforms) = preSolution
		Debug|Any CPU = Debug|Any CPU
		Release|Any CPU = Release|Any CPU
	EndGlobalSection
	GlobalSection(ProjectConfigurationPlatforms) = postSolution
		{633DF633-2F85-4A76-AF50-053F79D6B270}.Debug|Any CPU.ActiveCfg = Debug|Any CPU
		{633DF633-2F85-4A76-AF50-053F79D6B270}.Debug|Any CPU.Build.0 = Debug|Any CPU
		{633DF633-2F85-4A76-AF50-053F79D6B270}.Release|Any CPU.ActiveCfg = Release|Any CPU
		{633DF633-2F85-4A76-AF50-053F79D6B270}.Release|Any CPU.Build.0 = Release|Any CPU
	EndGlobalSection
	GlobalSection(SolutionProperties) = preSolution
		HideSolutionNode = FALSE
	EndGlobalSection
	GlobalSection(ExtensibilityGlobals) = postSolution
		SolutionGuid = {783E7EAC-E420-49F6-B238-69297C078863}
	EndGlobalSection
EndGlobal
